
Microsoft Visual Studio Solution File, Format Version 12.00
Project("{FAE04EC0-301F-11D3-BF4B-00C04F79EFBC}") = "vFrame.Bundler", "vFrame.Bundler\vFrame.Bundler.csproj", "{951497C2-E16A-41F1-A092-1E8592339412}"
EndProject
Project("{FAE04EC0-301F-11D3-BF4B-00C04F79EFBC}") = "vFrame.Bundler.Editor", "vFrame.Bundler.Editor\vFrame.Bundler.Editor.csproj", "{717F6865-0ACA-4312-9B8C-2735B8DE953D}"
EndProject
Global
	GlobalSection(SolutionConfigurationPlatforms) = preSolution
		Debug|Any CPU = Debug|Any CPU
		Release|Any CPU = Release|Any CPU
	EndGlobalSection
	GlobalSection(ProjectConfigurationPlatforms) = postSolution
		{951497C2-E16A-41F1-A092-1E8592339412}.Debug|Any CPU.ActiveCfg = Debug|Any CPU
		{951497C2-E16A-41F1-A092-1E8592339412}.Debug|Any CPU.Build.0 = Debug|Any CPU
		{951497C2-E16A-41F1-A092-1E8592339412}.Release|Any CPU.ActiveCfg = Release|Any CPU
		{951497C2-E16A-41F1-A092-1E8592339412}.Release|Any CPU.Build.0 = Release|Any CPU
		{717F6865-0ACA-4312-9B8C-2735B8DE953D}.Debug|Any CPU.ActiveCfg = Debug|Any CPU
		{717F6865-0ACA-4312-9B8C-2735B8DE953D}.Debug|Any CPU.Build.0 = Debug|Any CPU
		{717F6865-0ACA-4312-9B8C-2735B8DE953D}.Release|Any CPU.ActiveCfg = Release|Any CPU
		{717F6865-0ACA-4312-9B8C-2735B8DE953D}.Release|Any CPU.Build.0 = Release|Any CPU
	EndGlobalSection
EndGlobal
