
Microsoft Visual Studio Solution File, Format Version 11.00
# Visual Studio 2010
Project("{FAE04EC0-301F-11D3-BF4B-00C04F79EFBC}") = "vFrame.Bundler", "vFrame.Bundler.csproj", "{15ade106-29f3-f285-d1dd-30698fd3e618}"
EndProject
Project("{FAE04EC0-301F-11D3-BF4B-00C04F79EFBC}") = "UnityEngine.UI", "UnityEngine.UI.csproj", "{050e83e7-ebb5-4169-c366-f9c3f4d4d107}"
EndProject
Project("{FAE04EC0-301F-11D3-BF4B-00C04F79EFBC}") = "Unity.Rider.Editor", "Unity.Rider.Editor.csproj", "{a1e386f6-0da3-1436-200a-d258e241c4b9}"
EndProject
Project("{FAE04EC0-301F-11D3-BF4B-00C04F79EFBC}") = "vFrame.Bundler.Editor", "vFrame.Bundler.Editor.csproj", "{aa8b2b92-981d-a663-232b-40cd6cde12a6}"
EndProject
Project("{FAE04EC0-301F-11D3-BF4B-00C04F79EFBC}") = "UnityEditor.UI", "UnityEditor.UI.csproj", "{87227615-1e40-e5ce-3032-6fcd95d8e751}"
EndProject
Project("{FAE04EC0-301F-11D3-BF4B-00C04F79EFBC}") = "Unity.EditorCoroutines.Editor", "Unity.EditorCoroutines.Editor.csproj", "{aef63707-494e-eeb6-bcfd-765655fc04db}"
EndProject
Project("{FAE04EC0-301F-11D3-BF4B-00C04F79EFBC}") = "Assembly-CSharp", "Assembly-CSharp.csproj", "{1ab8c611-ca18-831a-7dc3-ccd791fc550e}"
EndProject
Project("{FAE04EC0-301F-11D3-BF4B-00C04F79EFBC}") = "UnityEngine.UI.Tests", "UnityEngine.UI.Tests.csproj", "{689526fc-edcb-182c-4943-950b9e16116d}"
EndProject
Project("{FAE04EC0-301F-11D3-BF4B-00C04F79EFBC}") = "UnityEditor.UI.EditorTests", "UnityEditor.UI.EditorTests.csproj", "{80936588-73f0-5068-7e7a-80e72162a1f9}"
EndProject
Global
	GlobalSection(SolutionConfigurationPlatforms) = preSolution
		Debug|Any CPU = Debug|Any CPU
	EndGlobalSection
	GlobalSection(ProjectConfigurationPlatforms) = postSolution
		{15ade106-29f3-f285-d1dd-30698fd3e618}.Debug|Any CPU.ActiveCfg = Debug|Any CPU
		{15ade106-29f3-f285-d1dd-30698fd3e618}.Debug|Any CPU.Build.0 = Debug|Any CPU
		{050e83e7-ebb5-4169-c366-f9c3f4d4d107}.Debug|Any CPU.ActiveCfg = Debug|Any CPU
		{050e83e7-ebb5-4169-c366-f9c3f4d4d107}.Debug|Any CPU.Build.0 = Debug|Any CPU
		{a1e386f6-0da3-1436-200a-d258e241c4b9}.Debug|Any CPU.ActiveCfg = Debug|Any CPU
		{a1e386f6-0da3-1436-200a-d258e241c4b9}.Debug|Any CPU.Build.0 = Debug|Any CPU
		{aa8b2b92-981d-a663-232b-40cd6cde12a6}.Debug|Any CPU.ActiveCfg = Debug|Any CPU
		{aa8b2b92-981d-a663-232b-40cd6cde12a6}.Debug|Any CPU.Build.0 = Debug|Any CPU
		{87227615-1e40-e5ce-3032-6fcd95d8e751}.Debug|Any CPU.ActiveCfg = Debug|Any CPU
		{87227615-1e40-e5ce-3032-6fcd95d8e751}.Debug|Any CPU.Build.0 = Debug|Any CPU
		{aef63707-494e-eeb6-bcfd-765655fc04db}.Debug|Any CPU.ActiveCfg = Debug|Any CPU
		{aef63707-494e-eeb6-bcfd-765655fc04db}.Debug|Any CPU.Build.0 = Debug|Any CPU
		{1ab8c611-ca18-831a-7dc3-ccd791fc550e}.Debug|Any CPU.ActiveCfg = Debug|Any CPU
		{1ab8c611-ca18-831a-7dc3-ccd791fc550e}.Debug|Any CPU.Build.0 = Debug|Any CPU
		{689526fc-edcb-182c-4943-950b9e16116d}.Debug|Any CPU.ActiveCfg = Debug|Any CPU
		{689526fc-edcb-182c-4943-950b9e16116d}.Debug|Any CPU.Build.0 = Debug|Any CPU
		{80936588-73f0-5068-7e7a-80e72162a1f9}.Debug|Any CPU.ActiveCfg = Debug|Any CPU
		{80936588-73f0-5068-7e7a-80e72162a1f9}.Debug|Any CPU.Build.0 = Debug|Any CPU
	EndGlobalSection
	GlobalSection(SolutionProperties) = preSolution
		HideSolutionNode = FALSE
	EndGlobalSection
EndGlobal
